
Microsoft Visual Studio Solution File, Format Version 12.00
# Visual Studio Version 16
VisualStudioVersion = 16.0.30503.244
MinimumVisualStudioVersion = 10.0.40219.1
Project("{8BC9CEB8-8B4A-11D0-8D11-00A0C91BC942}") = "Projet-Exercice1", "Projet-Exercice1\Projet-Exercice1.vcxproj", "{85396049-94D9-483C-85D4-07F1C042C383}"
EndProject
Project("{8BC9CEB8-8B4A-11D0-8D11-00A0C91BC942}") = "Projet-Exercice2", "Projet-Exercice2\Projet-Exercice2.vcxproj", "{FA955537-8BDB-4CE0-AEF1-FB7ED4B0BC77}"
EndProject
Global
	GlobalSection(SolutionConfigurationPlatforms) = preSolution
		Debug|x64 = Debug|x64
		Debug|x86 = Debug|x86
		Release|x64 = Release|x64
		Release|x86 = Release|x86
	EndGlobalSection
	GlobalSection(ProjectConfigurationPlatforms) = postSolution
		{85396049-94D9-483C-85D4-07F1C042C383}.Debug|x64.ActiveCfg = Debug|x64
		{85396049-94D9-483C-85D4-07F1C042C383}.Debug|x64.Build.0 = Debug|x64
		{85396049-94D9-483C-85D4-07F1C042C383}.Debug|x86.ActiveCfg = Debug|Win32
		{85396049-94D9-483C-85D4-07F1C042C383}.Debug|x86.Build.0 = Debug|Win32
		{85396049-94D9-483C-85D4-07F1C042C383}.Release|x64.ActiveCfg = Release|x64
		{85396049-94D9-483C-85D4-07F1C042C383}.Release|x64.Build.0 = Release|x64
		{85396049-94D9-483C-85D4-07F1C042C383}.Release|x86.ActiveCfg = Release|Win32
		{85396049-94D9-483C-85D4-07F1C042C383}.Release|x86.Build.0 = Release|Win32
		{FA955537-8BDB-4CE0-AEF1-FB7ED4B0BC77}.Debug|x64.ActiveCfg = Debug|x64
		{FA955537-8BDB-4CE0-AEF1-FB7ED4B0BC77}.Debug|x64.Build.0 = Debug|x64
		{FA955537-8BDB-4CE0-AEF1-FB7ED4B0BC77}.Debug|x86.ActiveCfg = Debug|Win32
		{FA955537-8BDB-4CE0-AEF1-FB7ED4B0BC77}.Debug|x86.Build.0 = Debug|Win32
		{FA955537-8BDB-4CE0-AEF1-FB7ED4B0BC77}.Release|x64.ActiveCfg = Release|x64
		{FA955537-8BDB-4CE0-AEF1-FB7ED4B0BC77}.Release|x64.Build.0 = Release|x64
		{FA955537-8BDB-4CE0-AEF1-FB7ED4B0BC77}.Release|x86.ActiveCfg = Release|Win32
		{FA955537-8BDB-4CE0-AEF1-FB7ED4B0BC77}.Release|x86.Build.0 = Release|Win32
	EndGlobalSection
	GlobalSection(SolutionProperties) = preSolution
		HideSolutionNode = FALSE
	EndGlobalSection
	GlobalSection(ExtensibilityGlobals) = postSolution
		SolutionGuid = {15BF91EF-CA9E-40FE-B591-D78BEEDA053D}
	EndGlobalSection
EndGlobal
